{
    "_readme": [
        "This file locks the dependencies of your project to a known state",
        "Read more about it at https://getcomposer.org/doc/01-basic-usage.md#composer-lock-the-lock-file",
        "This file is @generated automatically"
    ],
    "hash": "d02f56477f0996c5707c01917dcf6297",
    "content-hash": "a6888fa690464413a5e66b08b9bb41af",
    "packages": [
        {
            "name": "johnvandeweghe/lunixrest",
            "version": "dev-master",
            "source": {
                "type": "git",
                "url": "https://github.com/johnvandeweghe/LunixREST.git",
                "reference": "51d2f60c2fd7eb5ac7643f88794d62e3560cf3eb"
            },
            "dist": {
                "type": "zip",
                "url": "https://api.github.com/repos/johnvandeweghe/LunixREST/zipball/51d2f60c2fd7eb5ac7643f88794d62e3560cf3eb",
                "reference": "51d2f60c2fd7eb5ac7643f88794d62e3560cf3eb",
                "shasum": ""
            },
            "require-dev": {
                "phpunit/phpunit": "^4.7"
            },
            "type": "library",
            "autoload": {
                "psr-4": {
                    "LunixREST\\": ""
                }
            },
            "authors": [
                {
                    "name": "John VanDeWeghe",
                    "email": "vandeweghe@lunixlabs.com"
                }
            ],
            "description": "A lightweight REST server",
            "support": {
                "source": "https://github.com/johnvandeweghe/LunixREST/tree/master",
                "issues": "https://github.com/johnvandeweghe/LunixREST/issues"
            },
            "time": "2015-12-04 08:03:48"
        }
    ],
    "packages-dev": [],
    "aliases": [],
    "minimum-stability": "stable",
    "stability-flags": {
        "johnvandeweghe/lunixrest": 20
    },
    "prefer-stable": false,
    "prefer-lowest": false,
    "platform": [],
    "platform-dev": []
}
